
Microsoft Visual Studio Solution File, Format Version 12.00
# Visual Studio 14
VisualStudioVersion = 14.0.24720.0
MinimumVisualStudioVersion = 10.0.40219.1
Project("{FAE04EC0-301F-11D3-BF4B-00C04F79EFBC}") = "Problem2.CSharp", "Problem2.CSharp\Problem2.CSharp.csproj", "{391998B8-7BA6-4BBE-A58D-0B1C13534CFC}"
EndProject
Project("{F2A71F9B-5D33-465A-A702-920D77279786}") = "Problem2.FSharp", "Problem2.FSharp\Problem2.FSharp.fsproj", "{7D6270D1-36FD-4857-BA69-40FFBC4AA003}"
EndProject
Global
	GlobalSection(SolutionConfigurationPlatforms) = preSolution
		Debug|Any CPU = Debug|Any CPU
		Release|Any CPU = Release|Any CPU
	EndGlobalSection
	GlobalSection(ProjectConfigurationPlatforms) = postSolution
		{391998B8-7BA6-4BBE-A58D-0B1C13534CFC}.Debug|Any CPU.ActiveCfg = Debug|Any CPU
		{391998B8-7BA6-4BBE-A58D-0B1C13534CFC}.Debug|Any CPU.Build.0 = Debug|Any CPU
		{391998B8-7BA6-4BBE-A58D-0B1C13534CFC}.Release|Any CPU.ActiveCfg = Release|Any CPU
		{391998B8-7BA6-4BBE-A58D-0B1C13534CFC}.Release|Any CPU.Build.0 = Release|Any CPU
		{7D6270D1-36FD-4857-BA69-40FFBC4AA003}.Debug|Any CPU.ActiveCfg = Debug|Any CPU
		{7D6270D1-36FD-4857-BA69-40FFBC4AA003}.Debug|Any CPU.Build.0 = Debug|Any CPU
		{7D6270D1-36FD-4857-BA69-40FFBC4AA003}.Release|Any CPU.ActiveCfg = Release|Any CPU
		{7D6270D1-36FD-4857-BA69-40FFBC4AA003}.Release|Any CPU.Build.0 = Release|Any CPU
	EndGlobalSection
	GlobalSection(SolutionProperties) = preSolution
		HideSolutionNode = FALSE
	EndGlobalSection
EndGlobal
