
Microsoft Visual Studio Solution File, Format Version 12.00
# Visual Studio 14
VisualStudioVersion = 14.0.24720.0
MinimumVisualStudioVersion = 10.0.40219.1
Project("{FAE04EC0-301F-11D3-BF4B-00C04F79EFBC}") = "Problem1.CSharp", "Problem1.CSharp\Problem1.CSharp.csproj", "{9746AC50-CE37-4F01-8691-C9D225FE24D4}"
EndProject
Project("{F2A71F9B-5D33-465A-A702-920D77279786}") = "Problem1.FSharp", "Problem1.FSharp\Problem1.FSharp.fsproj", "{29A8EEC3-2216-446A-9E92-07F9455E62B1}"
EndProject
Global
	GlobalSection(SolutionConfigurationPlatforms) = preSolution
		Debug|Any CPU = Debug|Any CPU
		Release|Any CPU = Release|Any CPU
	EndGlobalSection
	GlobalSection(ProjectConfigurationPlatforms) = postSolution
		{9746AC50-CE37-4F01-8691-C9D225FE24D4}.Debug|Any CPU.ActiveCfg = Debug|Any CPU
		{9746AC50-CE37-4F01-8691-C9D225FE24D4}.Debug|Any CPU.Build.0 = Debug|Any CPU
		{9746AC50-CE37-4F01-8691-C9D225FE24D4}.Release|Any CPU.ActiveCfg = Release|Any CPU
		{9746AC50-CE37-4F01-8691-C9D225FE24D4}.Release|Any CPU.Build.0 = Release|Any CPU
		{29A8EEC3-2216-446A-9E92-07F9455E62B1}.Debug|Any CPU.ActiveCfg = Debug|Any CPU
		{29A8EEC3-2216-446A-9E92-07F9455E62B1}.Debug|Any CPU.Build.0 = Debug|Any CPU
		{29A8EEC3-2216-446A-9E92-07F9455E62B1}.Release|Any CPU.ActiveCfg = Release|Any CPU
		{29A8EEC3-2216-446A-9E92-07F9455E62B1}.Release|Any CPU.Build.0 = Release|Any CPU
	EndGlobalSection
	GlobalSection(SolutionProperties) = preSolution
		HideSolutionNode = FALSE
	EndGlobalSection
EndGlobal
